// !$*UTF8*$!
{
	archiveVersion = 1;
	classes = {
	};
	objectVersion = 51;
	objects = {

/* Begin PBXBuildFile section */
		3921D4D89441178628A23504 /* Pods_WeatherAppTests.framework in Frameworks */ = {isa = PBXBuildFile; fileRef = 35CC3049393C09FB12BA3B46 /* Pods_WeatherAppTests.framework */; };
		3A8CFE4AE830590323DFCFB9 /* Pods_WeatherApp.framework in Frameworks */ = {isa = PBXBuildFile; fileRef = FD43EEF1F170093BE9944012 /* Pods_WeatherApp.framework */; };
		62BA1EEF3703745FC9347BE8 /* Pods_WeatherAppUITests.framework in Frameworks */ = {isa = PBXBuildFile; fileRef = 3A598C78F45DD22A43A6E257 /* Pods_WeatherAppUITests.framework */; };
		6A1B11AD22A78F7B000AD0A8 /* MeteoRealm.swift in Sources */ = {isa = PBXBuildFile; fileRef = 6A1B11AC22A78F7B000AD0A8 /* MeteoRealm.swift */; };
		6A1B11B122A7B637000AD0A8 /* MeteoRealm.swift in Sources */ = {isa = PBXBuildFile; fileRef = 6A1B11AC22A78F7B000AD0A8 /* MeteoRealm.swift */; };
		6A1B11B222A7B6B6000AD0A8 /* MeteoRealm.swift in Sources */ = {isa = PBXBuildFile; fileRef = 6A1B11AC22A78F7B000AD0A8 /* MeteoRealm.swift */; };
		6A53048F22A6F16700BA7608 /* AppDelegate.swift in Sources */ = {isa = PBXBuildFile; fileRef = 6A53048E22A6F16700BA7608 /* AppDelegate.swift */; };
		6A53049122A6F16700BA7608 /* ViewController.swift in Sources */ = {isa = PBXBuildFile; fileRef = 6A53049022A6F16700BA7608 /* ViewController.swift */; };
		6A53049422A6F16700BA7608 /* Main.storyboard in Resources */ = {isa = PBXBuildFile; fileRef = 6A53049222A6F16700BA7608 /* Main.storyboard */; };
		6A53049622A6F16A00BA7608 /* Assets.xcassets in Resources */ = {isa = PBXBuildFile; fileRef = 6A53049522A6F16A00BA7608 /* Assets.xcassets */; };
		6A53049922A6F16A00BA7608 /* LaunchScreen.storyboard in Resources */ = {isa = PBXBuildFile; fileRef = 6A53049722A6F16A00BA7608 /* LaunchScreen.storyboard */; };
		6A5304AF22A6F16A00BA7608 /* WeatherAppUITests.swift in Sources */ = {isa = PBXBuildFile; fileRef = 6A5304AE22A6F16A00BA7608 /* WeatherAppUITests.swift */; };
		6A5304BD22A6F36300BA7608 /* Meteo.swift in Sources */ = {isa = PBXBuildFile; fileRef = 6A5304BC22A6F36300BA7608 /* Meteo.swift */; };
		6A5304BE22A6F36300BA7608 /* Meteo.swift in Sources */ = {isa = PBXBuildFile; fileRef = 6A5304BC22A6F36300BA7608 /* Meteo.swift */; };
		6A5304BF22A6F36300BA7608 /* Meteo.swift in Sources */ = {isa = PBXBuildFile; fileRef = 6A5304BC22A6F36300BA7608 /* Meteo.swift */; };
		6A5304C222A6F64100BA7608 /* APIRepositoryTest.swift in Sources */ = {isa = PBXBuildFile; fileRef = 6A5304C122A6F64100BA7608 /* APIRepositoryTest.swift */; };
		6A5304C422A6FF3200BA7608 /* APIRepository.swift in Sources */ = {isa = PBXBuildFile; fileRef = 6A5304C322A6FF3200BA7608 /* APIRepository.swift */; };
		6A5304C522A6FF3200BA7608 /* APIRepository.swift in Sources */ = {isa = PBXBuildFile; fileRef = 6A5304C322A6FF3200BA7608 /* APIRepository.swift */; };
		6A5304C622A6FF3200BA7608 /* APIRepository.swift in Sources */ = {isa = PBXBuildFile; fileRef = 6A5304C322A6FF3200BA7608 /* APIRepository.swift */; };
		6A5304C822A70FC700BA7608 /* MeteoListViewModel.swift in Sources */ = {isa = PBXBuildFile; fileRef = 6A5304C722A70FC700BA7608 /* MeteoListViewModel.swift */; };
		6A5304CE22A7128600BA7608 /* MeteoListViewModel.swift in Sources */ = {isa = PBXBuildFile; fileRef = 6A5304C722A70FC700BA7608 /* MeteoListViewModel.swift */; };
		6A5304CF22A7128700BA7608 /* MeteoListViewModel.swift in Sources */ = {isa = PBXBuildFile; fileRef = 6A5304C722A70FC700BA7608 /* MeteoListViewModel.swift */; };
		6A5304D222A715F400BA7608 /* MeteoTableViewCell.swift in Sources */ = {isa = PBXBuildFile; fileRef = 6A5304D022A715F400BA7608 /* MeteoTableViewCell.swift */; };
		6A5304D422A715F400BA7608 /* MeteoTableViewCell.swift in Sources */ = {isa = PBXBuildFile; fileRef = 6A5304D022A715F400BA7608 /* MeteoTableViewCell.swift */; };
		6A5304D522A715F400BA7608 /* MeteoTableViewCell.xib in Resources */ = {isa = PBXBuildFile; fileRef = 6A5304D122A715F400BA7608 /* MeteoTableViewCell.xib */; };
		6A5304D622A715F400BA7608 /* MeteoTableViewCell.xib in Resources */ = {isa = PBXBuildFile; fileRef = 6A5304D122A715F400BA7608 /* MeteoTableViewCell.xib */; };
		6A5304D722A715F400BA7608 /* MeteoTableViewCell.xib in Resources */ = {isa = PBXBuildFile; fileRef = 6A5304D122A715F400BA7608 /* MeteoTableViewCell.xib */; };
		6A5304DB22A72E7000BA7608 /* DetailViewController.swift in Sources */ = {isa = PBXBuildFile; fileRef = 6A5304DA22A72E7000BA7608 /* DetailViewController.swift */; };
		6A5304DF22A739EE00BA7608 /* AnyCodable.swift in Sources */ = {isa = PBXBuildFile; fileRef = 6A5304DE22A739EE00BA7608 /* AnyCodable.swift */; };
		6A5304E022A739EE00BA7608 /* AnyCodable.swift in Sources */ = {isa = PBXBuildFile; fileRef = 6A5304DE22A739EE00BA7608 /* AnyCodable.swift */; };
		6A5304E122A739EE00BA7608 /* AnyCodable.swift in Sources */ = {isa = PBXBuildFile; fileRef = 6A5304DE22A739EE00BA7608 /* AnyCodable.swift */; };
		6A5304E322A73A1000BA7608 /* APIResult.swift in Sources */ = {isa = PBXBuildFile; fileRef = 6A5304E222A73A1000BA7608 /* APIResult.swift */; };
		6A5304E422A73A1000BA7608 /* APIResult.swift in Sources */ = {isa = PBXBuildFile; fileRef = 6A5304E222A73A1000BA7608 /* APIResult.swift */; };
		6A5304E522A73A1000BA7608 /* APIResult.swift in Sources */ = {isa = PBXBuildFile; fileRef = 6A5304E222A73A1000BA7608 /* APIResult.swift */; };
/* End PBXBuildFile section */

/* Begin PBXContainerItemProxy section */
		6A5304A022A6F16A00BA7608 /* PBXContainerItemProxy */ = {
			isa = PBXContainerItemProxy;
			containerPortal = 6A53048322A6F16700BA7608 /* Project object */;
			proxyType = 1;
			remoteGlobalIDString = 6A53048A22A6F16700BA7608;
			remoteInfo = WeatherApp;
		};
		6A5304AB22A6F16A00BA7608 /* PBXContainerItemProxy */ = {
			isa = PBXContainerItemProxy;
			containerPortal = 6A53048322A6F16700BA7608 /* Project object */;
			proxyType = 1;
			remoteGlobalIDString = 6A53048A22A6F16700BA7608;
			remoteInfo = WeatherApp;
		};
/* End PBXContainerItemProxy section */

/* Begin PBXFileReference section */
		31955DC054D6340C78BDF235 /* Pods-WeatherApp.release.xcconfig */ = {isa = PBXFileReference; includeInIndex = 1; lastKnownFileType = text.xcconfig; name = "Pods-WeatherApp.release.xcconfig"; path = "Target Support Files/Pods-WeatherApp/Pods-WeatherApp.release.xcconfig"; sourceTree = "<group>"; };
		35CC3049393C09FB12BA3B46 /* Pods_WeatherAppTests.framework */ = {isa = PBXFileReference; explicitFileType = wrapper.framework; includeInIndex = 0; path = Pods_WeatherAppTests.framework; sourceTree = BUILT_PRODUCTS_DIR; };
		3A598C78F45DD22A43A6E257 /* Pods_WeatherAppUITests.framework */ = {isa = PBXFileReference; explicitFileType = wrapper.framework; includeInIndex = 0; path = Pods_WeatherAppUITests.framework; sourceTree = BUILT_PRODUCTS_DIR; };
		6A1B11AC22A78F7B000AD0A8 /* MeteoRealm.swift */ = {isa = PBXFileReference; lastKnownFileType = sourcecode.swift; path = MeteoRealm.swift; sourceTree = "<group>"; };
		6A53048B22A6F16700BA7608 /* WeatherApp.app */ = {isa = PBXFileReference; explicitFileType = wrapper.application; includeInIndex = 0; path = WeatherApp.app; sourceTree = BUILT_PRODUCTS_DIR; };
		6A53048E22A6F16700BA7608 /* AppDelegate.swift */ = {isa = PBXFileReference; lastKnownFileType = sourcecode.swift; path = AppDelegate.swift; sourceTree = "<group>"; };
		6A53049022A6F16700BA7608 /* ViewController.swift */ = {isa = PBXFileReference; lastKnownFileType = sourcecode.swift; path = ViewController.swift; sourceTree = "<group>"; };
		6A53049322A6F16700BA7608 /* Base */ = {isa = PBXFileReference; lastKnownFileType = file.storyboard; name = Base; path = Base.lproj/Main.storyboard; sourceTree = "<group>"; };
		6A53049522A6F16A00BA7608 /* Assets.xcassets */ = {isa = PBXFileReference; lastKnownFileType = folder.assetcatalog; path = Assets.xcassets; sourceTree = "<group>"; };
		6A53049822A6F16A00BA7608 /* Base */ = {isa = PBXFileReference; lastKnownFileType = file.storyboard; name = Base; path = Base.lproj/LaunchScreen.storyboard; sourceTree = "<group>"; };
		6A53049A22A6F16A00BA7608 /* Info.plist */ = {isa = PBXFileReference; lastKnownFileType = text.plist.xml; path = Info.plist; sourceTree = "<group>"; };
		6A53049F22A6F16A00BA7608 /* WeatherAppTests.xctest */ = {isa = PBXFileReference; explicitFileType = wrapper.cfbundle; includeInIndex = 0; path = WeatherAppTests.xctest; sourceTree = BUILT_PRODUCTS_DIR; };
		6A5304A522A6F16A00BA7608 /* Info.plist */ = {isa = PBXFileReference; lastKnownFileType = text.plist.xml; path = Info.plist; sourceTree = "<group>"; };
		6A5304AA22A6F16A00BA7608 /* WeatherAppUITests.xctest */ = {isa = PBXFileReference; explicitFileType = wrapper.cfbundle; includeInIndex = 0; path = WeatherAppUITests.xctest; sourceTree = BUILT_PRODUCTS_DIR; };
		6A5304AE22A6F16A00BA7608 /* WeatherAppUITests.swift */ = {isa = PBXFileReference; lastKnownFileType = sourcecode.swift; path = WeatherAppUITests.swift; sourceTree = "<group>"; };
		6A5304B022A6F16A00BA7608 /* Info.plist */ = {isa = PBXFileReference; lastKnownFileType = text.plist.xml; path = Info.plist; sourceTree = "<group>"; };
		6A5304BC22A6F36300BA7608 /* Meteo.swift */ = {isa = PBXFileReference; lastKnownFileType = sourcecode.swift; path = Meteo.swift; sourceTree = "<group>"; };
		6A5304C122A6F64100BA7608 /* APIRepositoryTest.swift */ = {isa = PBXFileReference; lastKnownFileType = sourcecode.swift; path = APIRepositoryTest.swift; sourceTree = "<group>"; };
		6A5304C322A6FF3200BA7608 /* APIRepository.swift */ = {isa = PBXFileReference; lastKnownFileType = sourcecode.swift; path = APIRepository.swift; sourceTree = "<group>"; };
		6A5304C722A70FC700BA7608 /* MeteoListViewModel.swift */ = {isa = PBXFileReference; lastKnownFileType = sourcecode.swift; path = MeteoListViewModel.swift; sourceTree = "<group>"; };
		6A5304D022A715F400BA7608 /* MeteoTableViewCell.swift */ = {isa = PBXFileReference; lastKnownFileType = sourcecode.swift; path = MeteoTableViewCell.swift; sourceTree = "<group>"; };
		6A5304D122A715F400BA7608 /* MeteoTableViewCell.xib */ = {isa = PBXFileReference; lastKnownFileType = file.xib; path = MeteoTableViewCell.xib; sourceTree = "<group>"; };
		6A5304DA22A72E7000BA7608 /* DetailViewController.swift */ = {isa = PBXFileReference; lastKnownFileType = sourcecode.swift; path = DetailViewController.swift; sourceTree = "<group>"; };
		6A5304DE22A739EE00BA7608 /* AnyCodable.swift */ = {isa = PBXFileReference; lastKnownFileType = sourcecode.swift; path = AnyCodable.swift; sourceTree = "<group>"; };
		6A5304E222A73A1000BA7608 /* APIResult.swift */ = {isa = PBXFileReference; lastKnownFileType = sourcecode.swift; path = APIResult.swift; sourceTree = "<group>"; };
		6BE63918265D1C6494AD68EB /* Pods-WeatherAppTests.release.xcconfig */ = {isa = PBXFileReference; includeInIndex = 1; lastKnownFileType = text.xcconfig; name = "Pods-WeatherAppTests.release.xcconfig"; path = "Target Support Files/Pods-WeatherAppTests/Pods-WeatherAppTests.release.xcconfig"; sourceTree = "<group>"; };
		6F70DE11EA34BCF0FBAC35CD /* Pods-WeatherApp.debug.xcconfig */ = {isa = PBXFileReference; includeInIndex = 1; lastKnownFileType = text.xcconfig; name = "Pods-WeatherApp.debug.xcconfig"; path = "Target Support Files/Pods-WeatherApp/Pods-WeatherApp.debug.xcconfig"; sourceTree = "<group>"; };
		97ACF73D980787D4F6DE57F3 /* Pods-WeatherAppUITests.debug.xcconfig */ = {isa = PBXFileReference; includeInIndex = 1; lastKnownFileType = text.xcconfig; name = "Pods-WeatherAppUITests.debug.xcconfig"; path = "Target Support Files/Pods-WeatherAppUITests/Pods-WeatherAppUITests.debug.xcconfig"; sourceTree = "<group>"; };
		9DD9E4EC27A1CED42D11F274 /* Pods-WeatherAppTests.debug.xcconfig */ = {isa = PBXFileReference; includeInIndex = 1; lastKnownFileType = text.xcconfig; name = "Pods-WeatherAppTests.debug.xcconfig"; path = "Target Support Files/Pods-WeatherAppTests/Pods-WeatherAppTests.debug.xcconfig"; sourceTree = "<group>"; };
		DAF67F08A9A31F5E47237599 /* Pods-WeatherAppUITests.release.xcconfig */ = {isa = PBXFileReference; includeInIndex = 1; lastKnownFileType = text.xcconfig; name = "Pods-WeatherAppUITests.release.xcconfig"; path = "Target Support Files/Pods-WeatherAppUITests/Pods-WeatherAppUITests.release.xcconfig"; sourceTree = "<group>"; };
		FD43EEF1F170093BE9944012 /* Pods_WeatherApp.framework */ = {isa = PBXFileReference; explicitFileType = wrapper.framework; includeInIndex = 0; path = Pods_WeatherApp.framework; sourceTree = BUILT_PRODUCTS_DIR; };
/* End PBXFileReference section */

/* Begin PBXFrameworksBuildPhase section */
		6A53048822A6F16700BA7608 /* Frameworks */ = {
			isa = PBXFrameworksBuildPhase;
			buildActionMask = 2147483647;
			files = (
				3A8CFE4AE830590323DFCFB9 /* Pods_WeatherApp.framework in Frameworks */,
			);
			runOnlyForDeploymentPostprocessing = 0;
		};
		6A53049C22A6F16A00BA7608 /* Frameworks */ = {
			isa = PBXFrameworksBuildPhase;
			buildActionMask = 2147483647;
			files = (
				3921D4D89441178628A23504 /* Pods_WeatherAppTests.framework in Frameworks */,
			);
			runOnlyForDeploymentPostprocessing = 0;
		};
		6A5304A722A6F16A00BA7608 /* Frameworks */ = {
			isa = PBXFrameworksBuildPhase;
			buildActionMask = 2147483647;
			files = (
				62BA1EEF3703745FC9347BE8 /* Pods_WeatherAppUITests.framework in Frameworks */,
			);
			runOnlyForDeploymentPostprocessing = 0;
		};
/* End PBXFrameworksBuildPhase section */

/* Begin PBXGroup section */
		3324F7EE272A6D1485625CEB /* Frameworks */ = {
			isa = PBXGroup;
			children = (
				FD43EEF1F170093BE9944012 /* Pods_WeatherApp.framework */,
				35CC3049393C09FB12BA3B46 /* Pods_WeatherAppTests.framework */,
				3A598C78F45DD22A43A6E257 /* Pods_WeatherAppUITests.framework */,
			);
			name = Frameworks;
			sourceTree = "<group>";
		};
		6A53048222A6F16700BA7608 = {
			isa = PBXGroup;
			children = (
				6A53048D22A6F16700BA7608 /* WeatherApp */,
				6A5304A222A6F16A00BA7608 /* WeatherAppTests */,
				6A5304AD22A6F16A00BA7608 /* WeatherAppUITests */,
				6A53048C22A6F16700BA7608 /* Products */,
				EA50A4C270200C7D8B024650 /* Pods */,
				3324F7EE272A6D1485625CEB /* Frameworks */,
			);
			sourceTree = "<group>";
		};
		6A53048C22A6F16700BA7608 /* Products */ = {
			isa = PBXGroup;
			children = (
				6A53048B22A6F16700BA7608 /* WeatherApp.app */,
				6A53049F22A6F16A00BA7608 /* WeatherAppTests.xctest */,
				6A5304AA22A6F16A00BA7608 /* WeatherAppUITests.xctest */,
			);
			name = Products;
			sourceTree = "<group>";
		};
		6A53048D22A6F16700BA7608 /* WeatherApp */ = {
			isa = PBXGroup;
			children = (
				6A53048E22A6F16700BA7608 /* AppDelegate.swift */,
				6A53049222A6F16700BA7608 /* Main.storyboard */,
				6A53049522A6F16A00BA7608 /* Assets.xcassets */,
				6A53049722A6F16A00BA7608 /* LaunchScreen.storyboard */,
				6A53049A22A6F16A00BA7608 /* Info.plist */,
				6A5304D822A715FC00BA7608 /* Cells */,
				6A5304C022A6F39C00BA7608 /* Model */,
				6A5304CC22A710DE00BA7608 /* View Model */,
				6A5304CD22A710EB00BA7608 /* Controller */,
				6A5304CB22A710BD00BA7608 /* Networking */,
			);
			path = WeatherApp;
			sourceTree = "<group>";
		};
		6A5304A222A6F16A00BA7608 /* WeatherAppTests */ = {
			isa = PBXGroup;
			children = (
				6A5304C122A6F64100BA7608 /* APIRepositoryTest.swift */,
				6A5304A522A6F16A00BA7608 /* Info.plist */,
			);
			path = WeatherAppTests;
			sourceTree = "<group>";
		};
		6A5304AD22A6F16A00BA7608 /* WeatherAppUITests */ = {
			isa = PBXGroup;
			children = (
				6A5304AE22A6F16A00BA7608 /* WeatherAppUITests.swift */,
				6A5304B022A6F16A00BA7608 /* Info.plist */,
			);
			path = WeatherAppUITests;
			sourceTree = "<group>";
		};
		6A5304C022A6F39C00BA7608 /* Model */ = {
			isa = PBXGroup;
			children = (
				6A5304BC22A6F36300BA7608 /* Meteo.swift */,
				6A1B11AC22A78F7B000AD0A8 /* MeteoRealm.swift */,
				6A5304E222A73A1000BA7608 /* APIResult.swift */,
				6A5304DE22A739EE00BA7608 /* AnyCodable.swift */,
			);
			path = Model;
			sourceTree = "<group>";
		};
		6A5304CB22A710BD00BA7608 /* Networking */ = {
			isa = PBXGroup;
			children = (
				6A5304C322A6FF3200BA7608 /* APIRepository.swift */,
			);
			path = Networking;
			sourceTree = "<group>";
		};
		6A5304CC22A710DE00BA7608 /* View Model */ = {
			isa = PBXGroup;
			children = (
				6A5304C722A70FC700BA7608 /* MeteoListViewModel.swift */,
			);
			path = "View Model";
			sourceTree = "<group>";
		};
		6A5304CD22A710EB00BA7608 /* Controller */ = {
			isa = PBXGroup;
			children = (
				6A5304DA22A72E7000BA7608 /* DetailViewController.swift */,
				6A53049022A6F16700BA7608 /* ViewController.swift */,
			);
			path = Controller;
			sourceTree = "<group>";
		};
		6A5304D822A715FC00BA7608 /* Cells */ = {
			isa = PBXGroup;
			children = (
				6A5304D922A7160400BA7608 /* MeteoCells */,
			);
			path = Cells;
			sourceTree = "<group>";
		};
		6A5304D922A7160400BA7608 /* MeteoCells */ = {
			isa = PBXGroup;
			children = (
				6A5304D022A715F400BA7608 /* MeteoTableViewCell.swift */,
				6A5304D122A715F400BA7608 /* MeteoTableViewCell.xib */,
			);
			path = MeteoCells;
			sourceTree = "<group>";
		};
		EA50A4C270200C7D8B024650 /* Pods */ = {
			isa = PBXGroup;
			children = (
				6F70DE11EA34BCF0FBAC35CD /* Pods-WeatherApp.debug.xcconfig */,
				31955DC054D6340C78BDF235 /* Pods-WeatherApp.release.xcconfig */,
				9DD9E4EC27A1CED42D11F274 /* Pods-WeatherAppTests.debug.xcconfig */,
				6BE63918265D1C6494AD68EB /* Pods-WeatherAppTests.release.xcconfig */,
				97ACF73D980787D4F6DE57F3 /* Pods-WeatherAppUITests.debug.xcconfig */,
				DAF67F08A9A31F5E47237599 /* Pods-WeatherAppUITests.release.xcconfig */,
			);
			path = Pods;
			sourceTree = "<group>";
		};
/* End PBXGroup section */

/* Begin PBXNativeTarget section */
		6A53048A22A6F16700BA7608 /* WeatherApp */ = {
			isa = PBXNativeTarget;
			buildConfigurationList = 6A5304B322A6F16A00BA7608 /* Build configuration list for PBXNativeTarget "WeatherApp" */;
			buildPhases = (
				507EF85C57BFEC2FAE674C32 /* [CP] Check Pods Manifest.lock */,
				6A53048722A6F16700BA7608 /* Sources */,
				6A53048822A6F16700BA7608 /* Frameworks */,
				6A53048922A6F16700BA7608 /* Resources */,
				0B3193E2BE46229300853452 /* [CP] Embed Pods Frameworks */,
			);
			buildRules = (
			);
			dependencies = (
			);
			name = WeatherApp;
			productName = WeatherApp;
			productReference = 6A53048B22A6F16700BA7608 /* WeatherApp.app */;
			productType = "com.apple.product-type.application";
		};
		6A53049E22A6F16A00BA7608 /* WeatherAppTests */ = {
			isa = PBXNativeTarget;
			buildConfigurationList = 6A5304B622A6F16A00BA7608 /* Build configuration list for PBXNativeTarget "WeatherAppTests" */;
			buildPhases = (
				523F60FBF8A5971C8DD5A0F1 /* [CP] Check Pods Manifest.lock */,
				6A53049B22A6F16A00BA7608 /* Sources */,
				6A53049C22A6F16A00BA7608 /* Frameworks */,
				6A53049D22A6F16A00BA7608 /* Resources */,
			);
			buildRules = (
			);
			dependencies = (
				6A5304A122A6F16A00BA7608 /* PBXTargetDependency */,
			);
			name = WeatherAppTests;
			productName = WeatherAppTests;
			productReference = 6A53049F22A6F16A00BA7608 /* WeatherAppTests.xctest */;
			productType = "com.apple.product-type.bundle.unit-test";
		};
		6A5304A922A6F16A00BA7608 /* WeatherAppUITests */ = {
			isa = PBXNativeTarget;
			buildConfigurationList = 6A5304B922A6F16A00BA7608 /* Build configuration list for PBXNativeTarget "WeatherAppUITests" */;
			buildPhases = (
				E017143EA5DB796441FC0521 /* [CP] Check Pods Manifest.lock */,
				6A5304A622A6F16A00BA7608 /* Sources */,
				6A5304A722A6F16A00BA7608 /* Frameworks */,
				6A5304A822A6F16A00BA7608 /* Resources */,
			);
			buildRules = (
			);
			dependencies = (
				6A5304AC22A6F16A00BA7608 /* PBXTargetDependency */,
			);
			name = WeatherAppUITests;
			productName = WeatherAppUITests;
			productReference = 6A5304AA22A6F16A00BA7608 /* WeatherAppUITests.xctest */;
			productType = "com.apple.product-type.bundle.ui-testing";
		};
/* End PBXNativeTarget section */

/* Begin PBXProject section */
		6A53048322A6F16700BA7608 /* Project object */ = {
			isa = PBXProject;
			attributes = {
				LastSwiftUpdateCheck = 1020;
				LastUpgradeCheck = 1020;
				ORGANIZATIONNAME = Sivanesan;
				TargetAttributes = {
					6A53048A22A6F16700BA7608 = {
						CreatedOnToolsVersion = 10.2.1;
					};
					6A53049E22A6F16A00BA7608 = {
						CreatedOnToolsVersion = 10.2.1;
						TestTargetID = 6A53048A22A6F16700BA7608;
					};
					6A5304A922A6F16A00BA7608 = {
						CreatedOnToolsVersion = 10.2.1;
						TestTargetID = 6A53048A22A6F16700BA7608;
					};
				};
			};
			buildConfigurationList = 6A53048622A6F16700BA7608 /* Build configuration list for PBXProject "WeatherApp" */;
			compatibilityVersion = "Xcode 9.3";
			developmentRegion = en;
			hasScannedForEncodings = 0;
			knownRegions = (
				en,
				Base,
			);
			mainGroup = 6A53048222A6F16700BA7608;
			productRefGroup = 6A53048C22A6F16700BA7608 /* Products */;
			projectDirPath = "";
			projectRoot = "";
			targets = (
				6A53048A22A6F16700BA7608 /* WeatherApp */,
				6A53049E22A6F16A00BA7608 /* WeatherAppTests */,
				6A5304A922A6F16A00BA7608 /* WeatherAppUITests */,
			);
		};
/* End PBXProject section */

/* Begin PBXResourcesBuildPhase section */
		6A53048922A6F16700BA7608 /* Resources */ = {
			isa = PBXResourcesBuildPhase;
			buildActionMask = 2147483647;
			files = (
				6A5304D522A715F400BA7608 /* MeteoTableViewCell.xib in Resources */,
				6A53049922A6F16A00BA7608 /* LaunchScreen.storyboard in Resources */,
				6A53049622A6F16A00BA7608 /* Assets.xcassets in Resources */,
				6A53049422A6F16700BA7608 /* Main.storyboard in Resources */,
			);
			runOnlyForDeploymentPostprocessing = 0;
		};
		6A53049D22A6F16A00BA7608 /* Resources */ = {
			isa = PBXResourcesBuildPhase;
			buildActionMask = 2147483647;
			files = (
				6A5304D622A715F400BA7608 /* MeteoTableViewCell.xib in Resources */,
			);
			runOnlyForDeploymentPostprocessing = 0;
		};
		6A5304A822A6F16A00BA7608 /* Resources */ = {
			isa = PBXResourcesBuildPhase;
			buildActionMask = 2147483647;
			files = (
				6A5304D722A715F400BA7608 /* MeteoTableViewCell.xib in Resources */,
			);
			runOnlyForDeploymentPostprocessing = 0;
		};
/* End PBXResourcesBuildPhase section */

/* Begin PBXShellScriptBuildPhase section */
		0B3193E2BE46229300853452 /* [CP] Embed Pods Frameworks */ = {
			isa = PBXShellScriptBuildPhase;
			buildActionMask = 2147483647;
			files = (
			);
			inputFileListPaths = (
				"${PODS_ROOT}/Target Support Files/Pods-WeatherApp/Pods-WeatherApp-frameworks-${CONFIGURATION}-input-files.xcfilelist",
			);
			name = "[CP] Embed Pods Frameworks";
			outputFileListPaths = (
				"${PODS_ROOT}/Target Support Files/Pods-WeatherApp/Pods-WeatherApp-frameworks-${CONFIGURATION}-output-files.xcfilelist",
			);
			runOnlyForDeploymentPostprocessing = 0;
			shellPath = /bin/sh;
			shellScript = "\"${PODS_ROOT}/Target Support Files/Pods-WeatherApp/Pods-WeatherApp-frameworks.sh\"\n";
			showEnvVarsInLog = 0;
		};
		507EF85C57BFEC2FAE674C32 /* [CP] Check Pods Manifest.lock */ = {
			isa = PBXShellScriptBuildPhase;
			buildActionMask = 2147483647;
			files = (
			);
			inputFileListPaths = (
			);
			inputPaths = (
				"${PODS_PODFILE_DIR_PATH}/Podfile.lock",
				"${PODS_ROOT}/Manifest.lock",
			);
			name = "[CP] Check Pods Manifest.lock";
			outputFileListPaths = (
			);
			outputPaths = (
				"$(DERIVED_FILE_DIR)/Pods-WeatherApp-checkManifestLockResult.txt",
			);
			runOnlyForDeploymentPostprocessing = 0;
			shellPath = /bin/sh;
			shellScript = "diff \"${PODS_PODFILE_DIR_PATH}/Podfile.lock\" \"${PODS_ROOT}/Manifest.lock\" > /dev/null\nif [ $? != 0 ] ; then\n    # print error to STDERR\n    echo \"error: The sandbox is not in sync with the Podfile.lock. Run 'pod install' or update your CocoaPods installation.\" >&2\n    exit 1\nfi\n# This output is used by Xcode 'outputs' to avoid re-running this script phase.\necho \"SUCCESS\" > \"${SCRIPT_OUTPUT_FILE_0}\"\n";
			showEnvVarsInLog = 0;
		};
		523F60FBF8A5971C8DD5A0F1 /* [CP] Check Pods Manifest.lock */ = {
			isa = PBXShellScriptBuildPhase;
			buildActionMask = 2147483647;
			files = (
			);
			inputFileListPaths = (
			);
			inputPaths = (
				"${PODS_PODFILE_DIR_PATH}/Podfile.lock",
				"${PODS_ROOT}/Manifest.lock",
			);
			name = "[CP] Check Pods Manifest.lock";
			outputFileListPaths = (
			);
			outputPaths = (
				"$(DERIVED_FILE_DIR)/Pods-WeatherAppTests-checkManifestLockResult.txt",
			);
			runOnlyForDeploymentPostprocessing = 0;
			shellPath = /bin/sh;
			shellScript = "diff \"${PODS_PODFILE_DIR_PATH}/Podfile.lock\" \"${PODS_ROOT}/Manifest.lock\" > /dev/null\nif [ $? != 0 ] ; then\n    # print error to STDERR\n    echo \"error: The sandbox is not in sync with the Podfile.lock. Run 'pod install' or update your CocoaPods installation.\" >&2\n    exit 1\nfi\n# This output is used by Xcode 'outputs' to avoid re-running this script phase.\necho \"SUCCESS\" > \"${SCRIPT_OUTPUT_FILE_0}\"\n";
			showEnvVarsInLog = 0;
		};
		E017143EA5DB796441FC0521 /* [CP] Check Pods Manifest.lock */ = {
			isa = PBXShellScriptBuildPhase;
			buildActionMask = 2147483647;
			files = (
			);
			inputFileListPaths = (
			);
			inputPaths = (
				"${PODS_PODFILE_DIR_PATH}/Podfile.lock",
				"${PODS_ROOT}/Manifest.lock",
			);
			name = "[CP] Check Pods Manifest.lock";
			outputFileListPaths = (
			);
			outputPaths = (
				"$(DERIVED_FILE_DIR)/Pods-WeatherAppUITests-checkManifestLockResult.txt",
			);
			runOnlyForDeploymentPostprocessing = 0;
			shellPath = /bin/sh;
			shellScript = "diff \"${PODS_PODFILE_DIR_PATH}/Podfile.lock\" \"${PODS_ROOT}/Manifest.lock\" > /dev/null\nif [ $? != 0 ] ; then\n    # print error to STDERR\n    echo \"error: The sandbox is not in sync with the Podfile.lock. Run 'pod install' or update your CocoaPods installation.\" >&2\n    exit 1\nfi\n# This output is used by Xcode 'outputs' to avoid re-running this script phase.\necho \"SUCCESS\" > \"${SCRIPT_OUTPUT_FILE_0}\"\n";
			showEnvVarsInLog = 0;
		};
/* End PBXShellScriptBuildPhase section */

/* Begin PBXSourcesBuildPhase section */
		6A53048722A6F16700BA7608 /* Sources */ = {
			isa = PBXSourcesBuildPhase;
			buildActionMask = 2147483647;
			files = (
				6A5304E322A73A1000BA7608 /* APIResult.swift in Sources */,
				6A5304C422A6FF3200BA7608 /* APIRepository.swift in Sources */,
				6A1B11AD22A78F7B000AD0A8 /* MeteoRealm.swift in Sources */,
				6A5304BD22A6F36300BA7608 /* Meteo.swift in Sources */,
				6A53049122A6F16700BA7608 /* ViewController.swift in Sources */,
				6A53048F22A6F16700BA7608 /* AppDelegate.swift in Sources */,
				6A5304D222A715F400BA7608 /* MeteoTableViewCell.swift in Sources */,
				6A5304DF22A739EE00BA7608 /* AnyCodable.swift in Sources */,
				6A5304C822A70FC700BA7608 /* MeteoListViewModel.swift in Sources */,
				6A5304DB22A72E7000BA7608 /* DetailViewController.swift in Sources */,
			);
			runOnlyForDeploymentPostprocessing = 0;
		};
		6A53049B22A6F16A00BA7608 /* Sources */ = {
			isa = PBXSourcesBuildPhase;
			buildActionMask = 2147483647;
			files = (
				6A5304BE22A6F36300BA7608 /* Meteo.swift in Sources */,
				6A5304CE22A7128600BA7608 /* MeteoListViewModel.swift in Sources */,
				6A5304C222A6F64100BA7608 /* APIRepositoryTest.swift in Sources */,
				6A1B11B222A7B6B6000AD0A8 /* MeteoRealm.swift in Sources */,
				6A5304C522A6FF3200BA7608 /* APIRepository.swift in Sources */,
				6A5304E422A73A1000BA7608 /* APIResult.swift in Sources */,
				6A5304E022A739EE00BA7608 /* AnyCodable.swift in Sources */,
			);
			runOnlyForDeploymentPostprocessing = 0;
		};
		6A5304A622A6F16A00BA7608 /* Sources */ = {
			isa = PBXSourcesBuildPhase;
			buildActionMask = 2147483647;
			files = (
				6A5304D422A715F400BA7608 /* MeteoTableViewCell.swift in Sources */,
				6A5304BF22A6F36300BA7608 /* Meteo.swift in Sources */,
				6A5304CF22A7128700BA7608 /* MeteoListViewModel.swift in Sources */,
				6A5304AF22A6F16A00BA7608 /* WeatherAppUITests.swift in Sources */,
				6A5304C622A6FF3200BA7608 /* APIRepository.swift in Sources */,
				6A5304E522A73A1000BA7608 /* APIResult.swift in Sources */,
				6A1B11B122A7B637000AD0A8 /* MeteoRealm.swift in Sources */,
				6A5304E122A739EE00BA7608 /* AnyCodable.swift in Sources */,
			);
			runOnlyForDeploymentPostprocessing = 0;
		};
/* End PBXSourcesBuildPhase section */

/* Begin PBXTargetDependency section */
		6A5304A122A6F16A00BA7608 /* PBXTargetDependency */ = {
			isa = PBXTargetDependency;
			target = 6A53048A22A6F16700BA7608 /* WeatherApp */;
			targetProxy = 6A5304A022A6F16A00BA7608 /* PBXContainerItemProxy */;
		};
		6A5304AC22A6F16A00BA7608 /* PBXTargetDependency */ = {
			isa = PBXTargetDependency;
			target = 6A53048A22A6F16700BA7608 /* WeatherApp */;
			targetProxy = 6A5304AB22A6F16A00BA7608 /* PBXContainerItemProxy */;
		};
/* End PBXTargetDependency section */

/* Begin PBXVariantGroup section */
		6A53049222A6F16700BA7608 /* Main.storyboard */ = {
			isa = PBXVariantGroup;
			children = (
				6A53049322A6F16700BA7608 /* Base */,
			);
			name = Main.storyboard;
			sourceTree = "<group>";
		};
		6A53049722A6F16A00BA7608 /* LaunchScreen.storyboard */ = {
			isa = PBXVariantGroup;
			children = (
				6A53049822A6F16A00BA7608 /* Base */,
			);
			name = LaunchScreen.storyboard;
			sourceTree = "<group>";
		};
/* End PBXVariantGroup section */

/* Begin XCBuildConfiguration section */
		6A5304B122A6F16A00BA7608 /* Debug */ = {
			isa = XCBuildConfiguration;
			buildSettings = {
				ALWAYS_SEARCH_USER_PATHS = NO;
				CLANG_ANALYZER_NONNULL = YES;
				CLANG_ANALYZER_NUMBER_OBJECT_CONVERSION = YES_AGGRESSIVE;
				CLANG_CXX_LANGUAGE_STANDARD = "gnu++14";
				CLANG_CXX_LIBRARY = "libc++";
				CLANG_ENABLE_MODULES = YES;
				CLANG_ENABLE_OBJC_ARC = YES;
				CLANG_ENABLE_OBJC_WEAK = YES;
				CLANG_WARN_BLOCK_CAPTURE_AUTORELEASING = YES;
				CLANG_WARN_BOOL_CONVERSION = YES;
				CLANG_WARN_COMMA = YES;
				CLANG_WARN_CONSTANT_CONVERSION = YES;
				CLANG_WARN_DEPRECATED_OBJC_IMPLEMENTATIONS = YES;
				CLANG_WARN_DIRECT_OBJC_ISA_USAGE = YES_ERROR;
				CLANG_WARN_DOCUMENTATION_COMMENTS = YES;
				CLANG_WARN_EMPTY_BODY = YES;
				CLANG_WARN_ENUM_CONVERSION = YES;
				CLANG_WARN_INFINITE_RECURSION = YES;
				CLANG_WARN_INT_CONVERSION = YES;
				CLANG_WARN_NON_LITERAL_NULL_CONVERSION = YES;
				CLANG_WARN_OBJC_IMPLICIT_RETAIN_SELF = YES;
				CLANG_WARN_OBJC_LITERAL_CONVERSION = YES;
				CLANG_WARN_OBJC_ROOT_CLASS = YES_ERROR;
				CLANG_WARN_RANGE_LOOP_ANALYSIS = YES;
				CLANG_WARN_STRICT_PROTOTYPES = YES;
				CLANG_WARN_SUSPICIOUS_MOVE = YES;
				CLANG_WARN_UNGUARDED_AVAILABILITY = YES_AGGRESSIVE;
				CLANG_WARN_UNREACHABLE_CODE = YES;
				CLANG_WARN__DUPLICATE_METHOD_MATCH = YES;
				CODE_SIGN_IDENTITY = "iPhone Developer";
				COPY_PHASE_STRIP = NO;
				DEBUG_INFORMATION_FORMAT = dwarf;
				ENABLE_STRICT_OBJC_MSGSEND = YES;
				ENABLE_TESTABILITY = YES;
				GCC_C_LANGUAGE_STANDARD = gnu11;
				GCC_DYNAMIC_NO_PIC = NO;
				GCC_NO_COMMON_BLOCKS = YES;
				GCC_OPTIMIZATION_LEVEL = 0;
				GCC_PREPROCESSOR_DEFINITIONS = (
					"DEBUG=1",
					"$(inherited)",
				);
				GCC_WARN_64_TO_32_BIT_CONVERSION = YES;
				GCC_WARN_ABOUT_RETURN_TYPE = YES_ERROR;
				GCC_WARN_UNDECLARED_SELECTOR = YES;
				GCC_WARN_UNINITIALIZED_AUTOS = YES_AGGRESSIVE;
				GCC_WARN_UNUSED_FUNCTION = YES;
				GCC_WARN_UNUSED_VARIABLE = YES;
				IPHONEOS_DEPLOYMENT_TARGET = 12.2;
				MTL_ENABLE_DEBUG_INFO = INCLUDE_SOURCE;
				MTL_FAST_MATH = YES;
				ONLY_ACTIVE_ARCH = YES;
				SDKROOT = iphoneos;
				SWIFT_ACTIVE_COMPILATION_CONDITIONS = DEBUG;
				SWIFT_OPTIMIZATION_LEVEL = "-Onone";
			};
			name = Debug;
		};
		6A5304B222A6F16A00BA7608 /* Release */ = {
			isa = XCBuildConfiguration;
			buildSettings = {
				ALWAYS_SEARCH_USER_PATHS = NO;
				CLANG_ANALYZER_NONNULL = YES;
				CLANG_ANALYZER_NUMBER_OBJECT_CONVERSION = YES_AGGRESSIVE;
				CLANG_CXX_LANGUAGE_STANDARD = "gnu++14";
				CLANG_CXX_LIBRARY = "libc++";
				CLANG_ENABLE_MODULES = YES;
				CLANG_ENABLE_OBJC_ARC = YES;
				CLANG_ENABLE_OBJC_WEAK = YES;
				CLANG_WARN_BLOCK_CAPTURE_AUTORELEASING = YES;
				CLANG_WARN_BOOL_CONVERSION = YES;
				CLANG_WARN_COMMA = YES;
				CLANG_WARN_CONSTANT_CONVERSION = YES;
				CLANG_WARN_DEPRECATED_OBJC_IMPLEMENTATIONS = YES;
				CLANG_WARN_DIRECT_OBJC_ISA_USAGE = YES_ERROR;
				CLANG_WARN_DOCUMENTATION_COMMENTS = YES;
				CLANG_WARN_EMPTY_BODY = YES;
				CLANG_WARN_ENUM_CONVERSION = YES;
				CLANG_WARN_INFINITE_RECURSION = YES;
				CLANG_WARN_INT_CONVERSION = YES;
				CLANG_WARN_NON_LITERAL_NULL_CONVERSION = YES;
				CLANG_WARN_OBJC_IMPLICIT_RETAIN_SELF = YES;
				CLANG_WARN_OBJC_LITERAL_CONVERSION = YES;
				CLANG_WARN_OBJC_ROOT_CLASS = YES_ERROR;
				CLANG_WARN_RANGE_LOOP_ANALYSIS = YES;
				CLANG_WARN_STRICT_PROTOTYPES = YES;
				CLANG_WARN_SUSPICIOUS_MOVE = YES;
				CLANG_WARN_UNGUARDED_AVAILABILITY = YES_AGGRESSIVE;
				CLANG_WARN_UNREACHABLE_CODE = YES;
				CLANG_WARN__DUPLICATE_METHOD_MATCH = YES;
				CODE_SIGN_IDENTITY = "iPhone Developer";
				COPY_PHASE_STRIP = NO;
				DEBUG_INFORMATION_FORMAT = "dwarf-with-dsym";
				ENABLE_NS_ASSERTIONS = NO;
				ENABLE_STRICT_OBJC_MSGSEND = YES;
				GCC_C_LANGUAGE_STANDARD = gnu11;
				GCC_NO_COMMON_BLOCKS = YES;
				GCC_WARN_64_TO_32_BIT_CONVERSION = YES;
				GCC_WARN_ABOUT_RETURN_TYPE = YES_ERROR;
				GCC_WARN_UNDECLARED_SELECTOR = YES;
				GCC_WARN_UNINITIALIZED_AUTOS = YES_AGGRESSIVE;
				GCC_WARN_UNUSED_FUNCTION = YES;
				GCC_WARN_UNUSED_VARIABLE = YES;
				IPHONEOS_DEPLOYMENT_TARGET = 12.2;
				MTL_ENABLE_DEBUG_INFO = NO;
				MTL_FAST_MATH = YES;
				SDKROOT = iphoneos;
				SWIFT_COMPILATION_MODE = wholemodule;
				SWIFT_OPTIMIZATION_LEVEL = "-O";
				VALIDATE_PRODUCT = YES;
			};
			name = Release;
		};
		6A5304B422A6F16A00BA7608 /* Debug */ = {
			isa = XCBuildConfiguration;
			baseConfigurationReference = 6F70DE11EA34BCF0FBAC35CD /* Pods-WeatherApp.debug.xcconfig */;
			buildSettings = {
				ASSETCATALOG_COMPILER_APPICON_NAME = AppIcon;
				CODE_SIGN_STYLE = Automatic;
				DEVELOPMENT_TEAM = VV7JLT6T37;
				INFOPLIST_FILE = WeatherApp/Info.plist;
				LD_RUNPATH_SEARCH_PATHS = (
					"$(inherited)",
					"@executable_path/Frameworks",
				);
				PRODUCT_BUNDLE_IDENTIFIER = Sivanesan.WeatherApp;
				PRODUCT_NAME = "$(TARGET_NAME)";
				SWIFT_VERSION = 5.0;
				TARGETED_DEVICE_FAMILY = "1,2";
			};
			name = Debug;
		};
		6A5304B522A6F16A00BA7608 /* Release */ = {
			isa = XCBuildConfiguration;
			baseConfigurationReference = 31955DC054D6340C78BDF235 /* Pods-WeatherApp.release.xcconfig */;
			buildSettings = {
				ASSETCATALOG_COMPILER_APPICON_NAME = AppIcon;
				CODE_SIGN_STYLE = Automatic;
				DEVELOPMENT_TEAM = VV7JLT6T37;
				INFOPLIST_FILE = WeatherApp/Info.plist;
				LD_RUNPATH_SEARCH_PATHS = (
					"$(inherited)",
					"@executable_path/Frameworks",
				);
				PRODUCT_BUNDLE_IDENTIFIER = Sivanesan.WeatherApp;
				PRODUCT_NAME = "$(TARGET_NAME)";
				SWIFT_VERSION = 5.0;
				TARGETED_DEVICE_FAMILY = "1,2";
			};
			name = Release;
		};
		6A5304B722A6F16A00BA7608 /* Debug */ = {
			isa = XCBuildConfiguration;
			baseConfigurationReference = 9DD9E4EC27A1CED42D11F274 /* Pods-WeatherAppTests.debug.xcconfig */;
			buildSettings = {
				ALWAYS_EMBED_SWIFT_STANDARD_LIBRARIES = "$(inherited)";
				BUNDLE_LOADER = "$(TEST_HOST)";
				CODE_SIGN_STYLE = Automatic;
				DEVELOPMENT_TEAM = VV7JLT6T37;
				INFOPLIST_FILE = WeatherAppTests/Info.plist;
				LD_RUNPATH_SEARCH_PATHS = (
					"$(inherited)",
					"@executable_path/Frameworks",
					"@loader_path/Frameworks",
				);
				PRODUCT_BUNDLE_IDENTIFIER = Sivanesan.WeatherAppTests;
				PRODUCT_NAME = "$(TARGET_NAME)";
				SWIFT_VERSION = 5.0;
				TARGETED_DEVICE_FAMILY = "1,2";
				TEST_HOST = "$(BUILT_PRODUCTS_DIR)/WeatherApp.app/WeatherApp";
			};
			name = Debug;
		};
		6A5304B822A6F16A00BA7608 /* Release */ = {
			isa = XCBuildConfiguration;
			baseConfigurationReference = 6BE63918265D1C6494AD68EB /* Pods-WeatherAppTests.release.xcconfig */;
			buildSettings = {
				ALWAYS_EMBED_SWIFT_STANDARD_LIBRARIES = "$(inherited)";
				BUNDLE_LOADER = "$(TEST_HOST)";
				CODE_SIGN_STYLE = Automatic;
				DEVELOPMENT_TEAM = VV7JLT6T37;
				INFOPLIST_FILE = WeatherAppTests/Info.plist;
				LD_RUNPATH_SEARCH_PATHS = (
					"$(inherited)",
					"@executable_path/Frameworks",
					"@loader_path/Frameworks",
				);
				PRODUCT_BUNDLE_IDENTIFIER = Sivanesan.WeatherAppTests;
				PRODUCT_NAME = "$(TARGET_NAME)";
				SWIFT_VERSION = 5.0;
				TARGETED_DEVICE_FAMILY = "1,2";
				TEST_HOST = "$(BUILT_PRODUCTS_DIR)/WeatherApp.app/WeatherApp";
			};
			name = Release;
		};
		6A5304BA22A6F16A00BA7608 /* Debug */ = {
			isa = XCBuildConfiguration;
			baseConfigurationReference = 97ACF73D980787D4F6DE57F3 /* Pods-WeatherAppUITests.debug.xcconfig */;
			buildSettings = {
				ALWAYS_EMBED_SWIFT_STANDARD_LIBRARIES = "$(inherited)";
				CODE_SIGN_STYLE = Automatic;
				DEVELOPMENT_TEAM = VV7JLT6T37;
				INFOPLIST_FILE = WeatherAppUITests/Info.plist;
				LD_RUNPATH_SEARCH_PATHS = (
					"$(inherited)",
					"@executable_path/Frameworks",
					"@loader_path/Frameworks",
				);
				PRODUCT_BUNDLE_IDENTIFIER = Sivanesan.WeatherAppUITests;
				PRODUCT_NAME = "$(TARGET_NAME)";
				SWIFT_VERSION = 5.0;
				TARGETED_DEVICE_FAMILY = "1,2";
				TEST_TARGET_NAME = WeatherApp;
			};
			name = Debug;
		};
		6A5304BB22A6F16A00BA7608 /* Release */ = {
			isa = XCBuildConfiguration;
			baseConfigurationReference = DAF67F08A9A31F5E47237599 /* Pods-WeatherAppUITests.release.xcconfig */;
			buildSettings = {
				ALWAYS_EMBED_SWIFT_STANDARD_LIBRARIES = "$(inherited)";
				CODE_SIGN_STYLE = Automatic;
				DEVELOPMENT_TEAM = VV7JLT6T37;
				INFOPLIST_FILE = WeatherAppUITests/Info.plist;
				LD_RUNPATH_SEARCH_PATHS = (
					"$(inherited)",
					"@executable_path/Frameworks",
					"@loader_path/Frameworks",
				);
				PRODUCT_BUNDLE_IDENTIFIER = Sivanesan.WeatherAppUITests;
				PRODUCT_NAME = "$(TARGET_NAME)";
				SWIFT_VERSION = 5.0;
				TARGETED_DEVICE_FAMILY = "1,2";
				TEST_TARGET_NAME = WeatherApp;
			};
			name = Release;
		};
/* End XCBuildConfiguration section */

/* Begin XCConfigurationList section */
		6A53048622A6F16700BA7608 /* Build configuration list for PBXProject "WeatherApp" */ = {
			isa = XCConfigurationList;
			buildConfigurations = (
				6A5304B122A6F16A00BA7608 /* Debug */,
				6A5304B222A6F16A00BA7608 /* Release */,
			);
			defaultConfigurationIsVisible = 0;
			defaultConfigurationName = Release;
		};
		6A5304B322A6F16A00BA7608 /* Build configuration list for PBXNativeTarget "WeatherApp" */ = {
			isa = XCConfigurationList;
			buildConfigurations = (
				6A5304B422A6F16A00BA7608 /* Debug */,
				6A5304B522A6F16A00BA7608 /* Release */,
			);
			defaultConfigurationIsVisible = 0;
			defaultConfigurationName = Release;
		};
		6A5304B622A6F16A00BA7608 /* Build configuration list for PBXNativeTarget "WeatherAppTests" */ = {
			isa = XCConfigurationList;
			buildConfigurations = (
				6A5304B722A6F16A00BA7608 /* Debug */,
				6A5304B822A6F16A00BA7608 /* Release */,
			);
			defaultConfigurationIsVisible = 0;
			defaultConfigurationName = Release;
		};
		6A5304B922A6F16A00BA7608 /* Build configuration list for PBXNativeTarget "WeatherAppUITests" */ = {
			isa = XCConfigurationList;
			buildConfigurations = (
				6A5304BA22A6F16A00BA7608 /* Debug */,
				6A5304BB22A6F16A00BA7608 /* Release */,
			);
			defaultConfigurationIsVisible = 0;
			defaultConfigurationName = Release;
		};
/* End XCConfigurationList section */
	};
	rootObject = 6A53048322A6F16700BA7608 /* Project object */;
}
